
Microsoft Visual Studio Solution File, Format Version 12.00
# Visual Studio Version 16
VisualStudioVersion = 16.0.31624.102
MinimumVisualStudioVersion = 10.0.40219.1
Project("{FAE04EC0-301F-11D3-BF4B-00C04F79EFBC}") = "EvoucherSample", "EvoucherSample\EvoucherSample.csproj", "{C0774372-3AFC-4077-B22E-67F3CC0CA050}"
EndProject
Global
	GlobalSection(SolutionConfigurationPlatforms) = preSolution
		Debug|Any CPU = Debug|Any CPU
		Release|Any CPU = Release|Any CPU
	EndGlobalSection
	GlobalSection(ProjectConfigurationPlatforms) = postSolution
		{C0774372-3AFC-4077-B22E-67F3CC0CA050}.Debug|Any CPU.ActiveCfg = Debug|Any CPU
		{C0774372-3AFC-4077-B22E-67F3CC0CA050}.Debug|Any CPU.Build.0 = Debug|Any CPU
		{C0774372-3AFC-4077-B22E-67F3CC0CA050}.Release|Any CPU.ActiveCfg = Release|Any CPU
		{C0774372-3AFC-4077-B22E-67F3CC0CA050}.Release|Any CPU.Build.0 = Release|Any CPU
	EndGlobalSection
	GlobalSection(SolutionProperties) = preSolution
		HideSolutionNode = FALSE
	EndGlobalSection
	GlobalSection(ExtensibilityGlobals) = postSolution
		SolutionGuid = {6645C2C3-7D29-4C5D-842C-97B6041EE714}
	EndGlobalSection
EndGlobal
